
Microsoft Visual Studio Solution File, Format Version 12.00
# Visual Studio 15
VisualStudioVersion = 15.0.27428.2027
MinimumVisualStudioVersion = 10.0.40219.1
Project("{FAE04EC0-301F-11D3-BF4B-00C04F79EFBC}") = "Futures", "Futures\Futures.csproj", "{65635508-B97E-4104-BCE0-7B330EE3FBD0}"
EndProject
Global
	GlobalSection(SolutionConfigurationPlatforms) = preSolution
		Debug|Any CPU = Debug|Any CPU
		Release|Any CPU = Release|Any CPU
	EndGlobalSection
	GlobalSection(ProjectConfigurationPlatforms) = postSolution
		{65635508-B97E-4104-BCE0-7B330EE3FBD0}.Debug|Any CPU.ActiveCfg = Debug|Any CPU
		{65635508-B97E-4104-BCE0-7B330EE3FBD0}.Debug|Any CPU.Build.0 = Debug|Any CPU
		{65635508-B97E-4104-BCE0-7B330EE3FBD0}.Release|Any CPU.ActiveCfg = Release|Any CPU
		{65635508-B97E-4104-BCE0-7B330EE3FBD0}.Release|Any CPU.Build.0 = Release|Any CPU
	EndGlobalSection
	GlobalSection(SolutionProperties) = preSolution
		HideSolutionNode = FALSE
	EndGlobalSection
	GlobalSection(ExtensibilityGlobals) = postSolution
		SolutionGuid = {25D4583C-D470-4E77-8E4F-09998B75BB97}
	EndGlobalSection
EndGlobal
